
Microsoft Visual Studio Solution File, Format Version 12.00
# Visual Studio 15
VisualStudioVersion = 15.0.28307.168
MinimumVisualStudioVersion = 10.0.40219.1
Project("{9A19103F-16F7-4668-BE54-9A1E7A4F7556}") = "Functional.CQS", "Functional.CQS\Functional.CQS.csproj", "{7C8AA96C-DEDB-48A3-95F0-7855C26C8E83}"
EndProject
Project("{2150E333-8FDC-42A3-9474-1A3956D46DE8}") = "SimpleInjector", "SimpleInjector", "{3DB0C9FC-28E8-414D-8F16-B7C1EFF090E8}"
EndProject
Project("{9A19103F-16F7-4668-BE54-9A1E7A4F7556}") = "Functional.CQS.AOP.IoC.SimpleInjector", "Functional.CQS.AOP.IoC.SimpleInjector\Functional.CQS.AOP.IoC.SimpleInjector.csproj", "{487B1794-9128-4E56-976C-274D4268A5B4}"
EndProject
Project("{9A19103F-16F7-4668-BE54-9A1E7A4F7556}") = "Functional.CQS.AOP.IoC.SimpleInjector.Tests", "Functional.CQS.AOP.IoC.SimpleInjector.Tests\Functional.CQS.AOP.IoC.SimpleInjector.Tests.csproj", "{6A750B3C-029B-4932-955D-B2035DBAA757}"
EndProject
Project("{9A19103F-16F7-4668-BE54-9A1E7A4F7556}") = "Functional.CQS.AOP.CommonTestInfrastructure", "Functional.CQS.AOP.CommonTestInfrastructure\Functional.CQS.AOP.CommonTestInfrastructure.csproj", "{058D2CA3-35C1-4AAA-B459-269408BEC09B}"
EndProject
Project("{2150E333-8FDC-42A3-9474-1A3956D46DE8}") = "PureDI", "PureDI", "{26B803A7-BF86-48AA-9668-F48626FF9075}"
EndProject
Project("{9A19103F-16F7-4668-BE54-9A1E7A4F7556}") = "Functional.CQS.AOP.IoC.PureDI.MetricsCapturing", "Functional.CQS.AOP.IoC.PureDI.MetricsCapturing\Functional.CQS.AOP.IoC.PureDI.MetricsCapturing.csproj", "{4C7AEC53-6783-45E3-8E81-348521FCAE88}"
EndProject
Project("{9A19103F-16F7-4668-BE54-9A1E7A4F7556}") = "Functional.CQS.AOP.MetricsCapturing", "Functional.CQS.AOP.MetricsCapturing\Functional.CQS.AOP.MetricsCapturing.csproj", "{865860B7-DB5D-40CE-9E95-7D4B84D79440}"
EndProject
Project("{9A19103F-16F7-4668-BE54-9A1E7A4F7556}") = "Functional.CQS.AOP.IoC.PureDI.MetricsCapturing.Tests", "Functional.CQS.AOP.IoC.PureDI.MetricsCapturing.Tests\Functional.CQS.AOP.IoC.PureDI.MetricsCapturing.Tests.csproj", "{34E2696C-9ED4-4CC1-959C-4779FCC67E1F}"
EndProject
Project("{9A19103F-16F7-4668-BE54-9A1E7A4F7556}") = "Functional.CQS.AOP.IoC.SimpleInjector.MetricsCapturing", "Functional.CQS.AOP.IoC.SimpleInjector.MetricsCapturing\Functional.CQS.AOP.IoC.SimpleInjector.MetricsCapturing.csproj", "{04540474-8966-4E90-A90E-A7251F8B8118}"
EndProject
Project("{9A19103F-16F7-4668-BE54-9A1E7A4F7556}") = "Functional.CQS.AOP.IoC.SimpleInjector.MetricsCapturing.Tests", "Functional.CQS.AOP.IoC.SimpleInjector.MetricsCapturing.Tests\Functional.CQS.AOP.IoC.SimpleInjector.MetricsCapturing.Tests.csproj", "{3B104AC4-23F1-4944-8B69-A13A812A3730}"
EndProject
Project("{9A19103F-16F7-4668-BE54-9A1E7A4F7556}") = "Functional.CQS.AOP.CommonTestInfrastructure.MetricsCapturing", "Functional.CQS.AOP.CommonTestInfrastructure.MetricsCapturing\Functional.CQS.AOP.CommonTestInfrastructure.MetricsCapturing.csproj", "{8246DD38-6775-46D5-AF05-768647908E60}"
EndProject
Project("{9A19103F-16F7-4668-BE54-9A1E7A4F7556}") = "Functional.CQS.AOP.Caching", "Functional.CQS.AOP.Caching\Functional.CQS.AOP.Caching.csproj", "{EA9A09E9-1E9A-40EA-B725-1617A8693673}"
EndProject
Project("{9A19103F-16F7-4668-BE54-9A1E7A4F7556}") = "Functional.CQS.AOP.Caching.Infrastructure", "Functional.CQS.AOP.Caching.Infrastructure\Functional.CQS.AOP.Caching.Infrastructure.csproj", "{3DA0D75A-9783-4C1F-9105-32607C2D1011}"
EndProject
Project("{9A19103F-16F7-4668-BE54-9A1E7A4F7556}") = "Functional.CQS.AOP.Caching.Infrastructure.MemoryCache", "Functional.CQS.AOP.Caching.Infrastructure.MemoryCache\Functional.CQS.AOP.Caching.Infrastructure.MemoryCache.csproj", "{1169A726-0EDF-43E4-A480-877FCC866DCD}"
EndProject
Project("{9A19103F-16F7-4668-BE54-9A1E7A4F7556}") = "Functional.CQS.AOP.Caching.Infrastructure.MemoryCache.Tests", "Functional.CQS.AOP.Caching.Infrastructure.MemoryCache.Tests\Functional.CQS.AOP.Caching.Infrastructure.MemoryCache.Tests.csproj", "{E078A1DD-EB0F-4D75-8879-1273D5541004}"
EndProject
Project("{9A19103F-16F7-4668-BE54-9A1E7A4F7556}") = "Functional.CQS.AOP.Caching.Infrastructure.DistributedCache.Redis", "Functional.CQS.AOP.Caching.Infrastructure.DistributedCache.Redis\Functional.CQS.AOP.Caching.Infrastructure.DistributedCache.Redis.csproj", "{A7CEF648-2C34-404F-B32B-8E1AD749EA05}"
EndProject
Project("{9A19103F-16F7-4668-BE54-9A1E7A4F7556}") = "Functional.CQS.AOP.Caching.Infrastructure.DistributedCache.Redis.Tests", "Functional.CQS.AOP.Caching.Infrastructure.DistributedCache.Redis.Tests\Functional.CQS.AOP.Caching.Infrastructure.DistributedCache.Redis.Tests.csproj", "{C8735E54-E4EE-4D7D-8263-D79643A804E2}"
EndProject
Project("{9A19103F-16F7-4668-BE54-9A1E7A4F7556}") = "Functional.CQS.AOP.IoC.PureDI.Caching", "Functional.CQS.AOP.IoC.PureDI.Caching\Functional.CQS.AOP.IoC.PureDI.Caching.csproj", "{0A414F5B-E1EB-48A9-B58F-23380A6F151F}"
EndProject
Project("{9A19103F-16F7-4668-BE54-9A1E7A4F7556}") = "Functional.CQS.AOP.IoC.PureDI.Caching.Tests", "Functional.CQS.AOP.IoC.PureDI.Caching.Tests\Functional.CQS.AOP.IoC.PureDI.Caching.Tests.csproj", "{EDB4D3EA-FDBA-4A23-A2BC-41541C352415}"
EndProject
Project("{9A19103F-16F7-4668-BE54-9A1E7A4F7556}") = "Functional.CQS.AOP.CommonTestInfrastructure.Caching", "Functional.CQS.AOP.CommonTestInfrastructure.Caching\Functional.CQS.AOP.CommonTestInfrastructure.Caching.csproj", "{D8D3B611-DC77-467D-A8CE-FB9225FCC2DF}"
EndProject
Project("{FAE04EC0-301F-11D3-BF4B-00C04F79EFBC}") = "Functional.CQS.AOP.IoC.SimpleInjector.Caching", "Functional.CQS.AOP.IoC.SimpleInjector.Caching\Functional.CQS.AOP.IoC.SimpleInjector.Caching.csproj", "{CC3F1797-8BF2-4144-9254-79CD05D3FA5D}"
EndProject
Project("{FAE04EC0-301F-11D3-BF4B-00C04F79EFBC}") = "Functional.CQS.AOP.Caching.Invalidation", "Functional.CQS.AOP.Caching.Invalidation\Functional.CQS.AOP.Caching.Invalidation.csproj", "{A2B4C1D8-5270-4245-A41F-10872FC338A3}"
EndProject
Project("{FAE04EC0-301F-11D3-BF4B-00C04F79EFBC}") = "Functional.CQS.AOP.IoC.SimpleInjector.Caching.Tests", "Functional.CQS.AOP.IoC.SimpleInjector.Caching.Tests\Functional.CQS.AOP.IoC.SimpleInjector.Caching.Tests.csproj", "{C3BA79AE-E134-45BD-85FD-3D27853284AF}"
EndProject
Global
	GlobalSection(SolutionConfigurationPlatforms) = preSolution
		Debug|Any CPU = Debug|Any CPU
		Release|Any CPU = Release|Any CPU
	EndGlobalSection
	GlobalSection(ProjectConfigurationPlatforms) = postSolution
		{7C8AA96C-DEDB-48A3-95F0-7855C26C8E83}.Debug|Any CPU.ActiveCfg = Debug|Any CPU
		{7C8AA96C-DEDB-48A3-95F0-7855C26C8E83}.Debug|Any CPU.Build.0 = Debug|Any CPU
		{7C8AA96C-DEDB-48A3-95F0-7855C26C8E83}.Release|Any CPU.ActiveCfg = Release|Any CPU
		{7C8AA96C-DEDB-48A3-95F0-7855C26C8E83}.Release|Any CPU.Build.0 = Release|Any CPU
		{487B1794-9128-4E56-976C-274D4268A5B4}.Debug|Any CPU.ActiveCfg = Debug|Any CPU
		{487B1794-9128-4E56-976C-274D4268A5B4}.Debug|Any CPU.Build.0 = Debug|Any CPU
		{487B1794-9128-4E56-976C-274D4268A5B4}.Release|Any CPU.ActiveCfg = Release|Any CPU
		{487B1794-9128-4E56-976C-274D4268A5B4}.Release|Any CPU.Build.0 = Release|Any CPU
		{6A750B3C-029B-4932-955D-B2035DBAA757}.Debug|Any CPU.ActiveCfg = Debug|Any CPU
		{6A750B3C-029B-4932-955D-B2035DBAA757}.Debug|Any CPU.Build.0 = Debug|Any CPU
		{6A750B3C-029B-4932-955D-B2035DBAA757}.Release|Any CPU.ActiveCfg = Release|Any CPU
		{6A750B3C-029B-4932-955D-B2035DBAA757}.Release|Any CPU.Build.0 = Release|Any CPU
		{058D2CA3-35C1-4AAA-B459-269408BEC09B}.Debug|Any CPU.ActiveCfg = Debug|Any CPU
		{058D2CA3-35C1-4AAA-B459-269408BEC09B}.Debug|Any CPU.Build.0 = Debug|Any CPU
		{058D2CA3-35C1-4AAA-B459-269408BEC09B}.Release|Any CPU.ActiveCfg = Release|Any CPU
		{058D2CA3-35C1-4AAA-B459-269408BEC09B}.Release|Any CPU.Build.0 = Release|Any CPU
		{4C7AEC53-6783-45E3-8E81-348521FCAE88}.Debug|Any CPU.ActiveCfg = Debug|Any CPU
		{4C7AEC53-6783-45E3-8E81-348521FCAE88}.Debug|Any CPU.Build.0 = Debug|Any CPU
		{4C7AEC53-6783-45E3-8E81-348521FCAE88}.Release|Any CPU.ActiveCfg = Release|Any CPU
		{4C7AEC53-6783-45E3-8E81-348521FCAE88}.Release|Any CPU.Build.0 = Release|Any CPU
		{865860B7-DB5D-40CE-9E95-7D4B84D79440}.Debug|Any CPU.ActiveCfg = Debug|Any CPU
		{865860B7-DB5D-40CE-9E95-7D4B84D79440}.Debug|Any CPU.Build.0 = Debug|Any CPU
		{865860B7-DB5D-40CE-9E95-7D4B84D79440}.Release|Any CPU.ActiveCfg = Release|Any CPU
		{865860B7-DB5D-40CE-9E95-7D4B84D79440}.Release|Any CPU.Build.0 = Release|Any CPU
		{34E2696C-9ED4-4CC1-959C-4779FCC67E1F}.Debug|Any CPU.ActiveCfg = Debug|Any CPU
		{34E2696C-9ED4-4CC1-959C-4779FCC67E1F}.Debug|Any CPU.Build.0 = Debug|Any CPU
		{34E2696C-9ED4-4CC1-959C-4779FCC67E1F}.Release|Any CPU.ActiveCfg = Release|Any CPU
		{34E2696C-9ED4-4CC1-959C-4779FCC67E1F}.Release|Any CPU.Build.0 = Release|Any CPU
		{04540474-8966-4E90-A90E-A7251F8B8118}.Debug|Any CPU.ActiveCfg = Debug|Any CPU
		{04540474-8966-4E90-A90E-A7251F8B8118}.Debug|Any CPU.Build.0 = Debug|Any CPU
		{04540474-8966-4E90-A90E-A7251F8B8118}.Release|Any CPU.ActiveCfg = Release|Any CPU
		{04540474-8966-4E90-A90E-A7251F8B8118}.Release|Any CPU.Build.0 = Release|Any CPU
		{3B104AC4-23F1-4944-8B69-A13A812A3730}.Debug|Any CPU.ActiveCfg = Debug|Any CPU
		{3B104AC4-23F1-4944-8B69-A13A812A3730}.Debug|Any CPU.Build.0 = Debug|Any CPU
		{3B104AC4-23F1-4944-8B69-A13A812A3730}.Release|Any CPU.ActiveCfg = Release|Any CPU
		{3B104AC4-23F1-4944-8B69-A13A812A3730}.Release|Any CPU.Build.0 = Release|Any CPU
		{8246DD38-6775-46D5-AF05-768647908E60}.Debug|Any CPU.ActiveCfg = Debug|Any CPU
		{8246DD38-6775-46D5-AF05-768647908E60}.Debug|Any CPU.Build.0 = Debug|Any CPU
		{8246DD38-6775-46D5-AF05-768647908E60}.Release|Any CPU.ActiveCfg = Release|Any CPU
		{8246DD38-6775-46D5-AF05-768647908E60}.Release|Any CPU.Build.0 = Release|Any CPU
		{EA9A09E9-1E9A-40EA-B725-1617A8693673}.Debug|Any CPU.ActiveCfg = Debug|Any CPU
		{EA9A09E9-1E9A-40EA-B725-1617A8693673}.Debug|Any CPU.Build.0 = Debug|Any CPU
		{EA9A09E9-1E9A-40EA-B725-1617A8693673}.Release|Any CPU.ActiveCfg = Release|Any CPU
		{EA9A09E9-1E9A-40EA-B725-1617A8693673}.Release|Any CPU.Build.0 = Release|Any CPU
		{3DA0D75A-9783-4C1F-9105-32607C2D1011}.Debug|Any CPU.ActiveCfg = Debug|Any CPU
		{3DA0D75A-9783-4C1F-9105-32607C2D1011}.Debug|Any CPU.Build.0 = Debug|Any CPU
		{3DA0D75A-9783-4C1F-9105-32607C2D1011}.Release|Any CPU.ActiveCfg = Release|Any CPU
		{3DA0D75A-9783-4C1F-9105-32607C2D1011}.Release|Any CPU.Build.0 = Release|Any CPU
		{1169A726-0EDF-43E4-A480-877FCC866DCD}.Debug|Any CPU.ActiveCfg = Debug|Any CPU
		{1169A726-0EDF-43E4-A480-877FCC866DCD}.Debug|Any CPU.Build.0 = Debug|Any CPU
		{1169A726-0EDF-43E4-A480-877FCC866DCD}.Release|Any CPU.ActiveCfg = Release|Any CPU
		{1169A726-0EDF-43E4-A480-877FCC866DCD}.Release|Any CPU.Build.0 = Release|Any CPU
		{E078A1DD-EB0F-4D75-8879-1273D5541004}.Debug|Any CPU.ActiveCfg = Debug|Any CPU
		{E078A1DD-EB0F-4D75-8879-1273D5541004}.Debug|Any CPU.Build.0 = Debug|Any CPU
		{E078A1DD-EB0F-4D75-8879-1273D5541004}.Release|Any CPU.ActiveCfg = Release|Any CPU
		{E078A1DD-EB0F-4D75-8879-1273D5541004}.Release|Any CPU.Build.0 = Release|Any CPU
		{A7CEF648-2C34-404F-B32B-8E1AD749EA05}.Debug|Any CPU.ActiveCfg = Debug|Any CPU
		{A7CEF648-2C34-404F-B32B-8E1AD749EA05}.Debug|Any CPU.Build.0 = Debug|Any CPU
		{A7CEF648-2C34-404F-B32B-8E1AD749EA05}.Release|Any CPU.ActiveCfg = Release|Any CPU
		{A7CEF648-2C34-404F-B32B-8E1AD749EA05}.Release|Any CPU.Build.0 = Release|Any CPU
		{C8735E54-E4EE-4D7D-8263-D79643A804E2}.Debug|Any CPU.ActiveCfg = Debug|Any CPU
		{C8735E54-E4EE-4D7D-8263-D79643A804E2}.Debug|Any CPU.Build.0 = Debug|Any CPU
		{C8735E54-E4EE-4D7D-8263-D79643A804E2}.Release|Any CPU.ActiveCfg = Release|Any CPU
		{C8735E54-E4EE-4D7D-8263-D79643A804E2}.Release|Any CPU.Build.0 = Release|Any CPU
		{0A414F5B-E1EB-48A9-B58F-23380A6F151F}.Debug|Any CPU.ActiveCfg = Debug|Any CPU
		{0A414F5B-E1EB-48A9-B58F-23380A6F151F}.Debug|Any CPU.Build.0 = Debug|Any CPU
		{0A414F5B-E1EB-48A9-B58F-23380A6F151F}.Release|Any CPU.ActiveCfg = Release|Any CPU
		{0A414F5B-E1EB-48A9-B58F-23380A6F151F}.Release|Any CPU.Build.0 = Release|Any CPU
		{EDB4D3EA-FDBA-4A23-A2BC-41541C352415}.Debug|Any CPU.ActiveCfg = Debug|Any CPU
		{EDB4D3EA-FDBA-4A23-A2BC-41541C352415}.Debug|Any CPU.Build.0 = Debug|Any CPU
		{EDB4D3EA-FDBA-4A23-A2BC-41541C352415}.Release|Any CPU.ActiveCfg = Release|Any CPU
		{EDB4D3EA-FDBA-4A23-A2BC-41541C352415}.Release|Any CPU.Build.0 = Release|Any CPU
		{D8D3B611-DC77-467D-A8CE-FB9225FCC2DF}.Debug|Any CPU.ActiveCfg = Debug|Any CPU
		{D8D3B611-DC77-467D-A8CE-FB9225FCC2DF}.Debug|Any CPU.Build.0 = Debug|Any CPU
		{D8D3B611-DC77-467D-A8CE-FB9225FCC2DF}.Release|Any CPU.ActiveCfg = Release|Any CPU
		{D8D3B611-DC77-467D-A8CE-FB9225FCC2DF}.Release|Any CPU.Build.0 = Release|Any CPU
		{CC3F1797-8BF2-4144-9254-79CD05D3FA5D}.Debug|Any CPU.ActiveCfg = Debug|Any CPU
		{CC3F1797-8BF2-4144-9254-79CD05D3FA5D}.Debug|Any CPU.Build.0 = Debug|Any CPU
		{CC3F1797-8BF2-4144-9254-79CD05D3FA5D}.Release|Any CPU.ActiveCfg = Release|Any CPU
		{CC3F1797-8BF2-4144-9254-79CD05D3FA5D}.Release|Any CPU.Build.0 = Release|Any CPU
		{A2B4C1D8-5270-4245-A41F-10872FC338A3}.Debug|Any CPU.ActiveCfg = Debug|Any CPU
		{A2B4C1D8-5270-4245-A41F-10872FC338A3}.Debug|Any CPU.Build.0 = Debug|Any CPU
		{A2B4C1D8-5270-4245-A41F-10872FC338A3}.Release|Any CPU.ActiveCfg = Release|Any CPU
		{A2B4C1D8-5270-4245-A41F-10872FC338A3}.Release|Any CPU.Build.0 = Release|Any CPU
		{C3BA79AE-E134-45BD-85FD-3D27853284AF}.Debug|Any CPU.ActiveCfg = Debug|Any CPU
		{C3BA79AE-E134-45BD-85FD-3D27853284AF}.Debug|Any CPU.Build.0 = Debug|Any CPU
		{C3BA79AE-E134-45BD-85FD-3D27853284AF}.Release|Any CPU.ActiveCfg = Release|Any CPU
		{C3BA79AE-E134-45BD-85FD-3D27853284AF}.Release|Any CPU.Build.0 = Release|Any CPU
	EndGlobalSection
	GlobalSection(SolutionProperties) = preSolution
		HideSolutionNode = FALSE
	EndGlobalSection
	GlobalSection(NestedProjects) = preSolution
		{487B1794-9128-4E56-976C-274D4268A5B4} = {3DB0C9FC-28E8-414D-8F16-B7C1EFF090E8}
		{6A750B3C-029B-4932-955D-B2035DBAA757} = {3DB0C9FC-28E8-414D-8F16-B7C1EFF090E8}
		{4C7AEC53-6783-45E3-8E81-348521FCAE88} = {26B803A7-BF86-48AA-9668-F48626FF9075}
		{34E2696C-9ED4-4CC1-959C-4779FCC67E1F} = {26B803A7-BF86-48AA-9668-F48626FF9075}
		{04540474-8966-4E90-A90E-A7251F8B8118} = {3DB0C9FC-28E8-414D-8F16-B7C1EFF090E8}
		{3B104AC4-23F1-4944-8B69-A13A812A3730} = {3DB0C9FC-28E8-414D-8F16-B7C1EFF090E8}
		{0A414F5B-E1EB-48A9-B58F-23380A6F151F} = {26B803A7-BF86-48AA-9668-F48626FF9075}
		{EDB4D3EA-FDBA-4A23-A2BC-41541C352415} = {26B803A7-BF86-48AA-9668-F48626FF9075}
		{CC3F1797-8BF2-4144-9254-79CD05D3FA5D} = {3DB0C9FC-28E8-414D-8F16-B7C1EFF090E8}
		{C3BA79AE-E134-45BD-85FD-3D27853284AF} = {3DB0C9FC-28E8-414D-8F16-B7C1EFF090E8}
	EndGlobalSection
	GlobalSection(ExtensibilityGlobals) = postSolution
		SolutionGuid = {3CCA6DAD-E6D2-4199-8295-0BBE8BF4E862}
	EndGlobalSection
EndGlobal
